// !$*UTF8*$!
{
	archiveVersion = 1;
	classes = {
	};
	objectVersion = 46;
	objects = {

/* Begin PBXBuildFile section */
		5E6AB5011BFEEE8200610D1A /* main.m in Sources */ = {isa = PBXBuildFile; fileRef = 5E6AB5001BFEEE8200610D1A /* main.m */; };
		5E6AB5041BFEEE8200610D1A /* AppDelegate.m in Sources */ = {isa = PBXBuildFile; fileRef = 5E6AB5031BFEEE8200610D1A /* AppDelegate.m */; };
		5E6AB5071BFEEE8200610D1A /* FirstViewController.m in Sources */ = {isa = PBXBuildFile; fileRef = 5E6AB5061BFEEE8200610D1A /* FirstViewController.m */; };
		5E6AB50A1BFEEE8200610D1A /* SecondViewController.m in Sources */ = {isa = PBXBuildFile; fileRef = 5E6AB5091BFEEE8200610D1A /* SecondViewController.m */; };
		5E6AB50D1BFEEE8200610D1A /* Main.storyboard in Resources */ = {isa = PBXBuildFile; fileRef = 5E6AB50B1BFEEE8200610D1A /* Main.storyboard */; };
		5E6AB50F1BFEEE8200610D1A /* Assets.xcassets in Resources */ = {isa = PBXBuildFile; fileRef = 5E6AB50E1BFEEE8200610D1A /* Assets.xcassets */; };
		5E6AB5121BFEEE8200610D1A /* LaunchScreen.storyboard in Resources */ = {isa = PBXBuildFile; fileRef = 5E6AB5101BFEEE8200610D1A /* LaunchScreen.storyboard */; };
		5E6AB51D1BFEEE8200610D1A /* TableTestTests.m in Sources */ = {isa = PBXBuildFile; fileRef = 5E6AB51C1BFEEE8200610D1A /* TableTestTests.m */; };
		5E6AB5281BFEEE8200610D1A /* TableTestUITests.m in Sources */ = {isa = PBXBuildFile; fileRef = 5E6AB5271BFEEE8200610D1A /* TableTestUITests.m */; };
		5E6AB5411BFEF65000610D1A /* FMDatabase.m in Sources */ = {isa = PBXBuildFile; fileRef = 5E6AB5371BFEF65000610D1A /* FMDatabase.m */; };
		5E6AB5421BFEF65000610D1A /* FMDatabaseAdditions.m in Sources */ = {isa = PBXBuildFile; fileRef = 5E6AB5391BFEF65000610D1A /* FMDatabaseAdditions.m */; };
		5E6AB5431BFEF65000610D1A /* FMDatabasePool.m in Sources */ = {isa = PBXBuildFile; fileRef = 5E6AB53B1BFEF65000610D1A /* FMDatabasePool.m */; };
		5E6AB5441BFEF65000610D1A /* FMDatabaseQueue.m in Sources */ = {isa = PBXBuildFile; fileRef = 5E6AB53D1BFEF65000610D1A /* FMDatabaseQueue.m */; };
		5E6AB5451BFEF65000610D1A /* FMResultSet.m in Sources */ = {isa = PBXBuildFile; fileRef = 5E6AB5401BFEF65000610D1A /* FMResultSet.m */; };
		5E6AB5471BFEF66F00610D1A /* launcher.db in Resources */ = {isa = PBXBuildFile; fileRef = 5E6AB5461BFEF66F00610D1A /* launcher.db */; };
		5E6AB5491BFEF69800610D1A /* libsqlite3.tbd in Frameworks */ = {isa = PBXBuildFile; fileRef = 5E6AB5481BFEF69800610D1A /* libsqlite3.tbd */; };
/* End PBXBuildFile section */

/* Begin PBXContainerItemProxy section */
		5E6AB5191BFEEE8200610D1A /* PBXContainerItemProxy */ = {
			isa = PBXContainerItemProxy;
			containerPortal = 5E6AB4F41BFEEE8100610D1A /* Project object */;
			proxyType = 1;
			remoteGlobalIDString = 5E6AB4FB1BFEEE8200610D1A;
			remoteInfo = TableTest;
		};
		5E6AB5241BFEEE8200610D1A /* PBXContainerItemProxy */ = {
			isa = PBXContainerItemProxy;
			containerPortal = 5E6AB4F41BFEEE8100610D1A /* Project object */;
			proxyType = 1;
			remoteGlobalIDString = 5E6AB4FB1BFEEE8200610D1A;
			remoteInfo = TableTest;
		};
/* End PBXContainerItemProxy section */

/* Begin PBXFileReference section */
		5E6AB4FC1BFEEE8200610D1A /* TableTest.app */ = {isa = PBXFileReference; explicitFileType = wrapper.application; includeInIndex = 0; path = TableTest.app; sourceTree = BUILT_PRODUCTS_DIR; };
		5E6AB5001BFEEE8200610D1A /* main.m */ = {isa = PBXFileReference; lastKnownFileType = sourcecode.c.objc; path = main.m; sourceTree = "<group>"; };
		5E6AB5021BFEEE8200610D1A /* AppDelegate.h */ = {isa = PBXFileReference; lastKnownFileType = sourcecode.c.h; path = AppDelegate.h; sourceTree = "<group>"; };
		5E6AB5031BFEEE8200610D1A /* AppDelegate.m */ = {isa = PBXFileReference; lastKnownFileType = sourcecode.c.objc; path = AppDelegate.m; sourceTree = "<group>"; };
		5E6AB5051BFEEE8200610D1A /* FirstViewController.h */ = {isa = PBXFileReference; lastKnownFileType = sourcecode.c.h; path = FirstViewController.h; sourceTree = "<group>"; };
		5E6AB5061BFEEE8200610D1A /* FirstViewController.m */ = {isa = PBXFileReference; lastKnownFileType = sourcecode.c.objc; path = FirstViewController.m; sourceTree = "<group>"; };
		5E6AB5081BFEEE8200610D1A /* SecondViewController.h */ = {isa = PBXFileReference; lastKnownFileType = sourcecode.c.h; path = SecondViewController.h; sourceTree = "<group>"; };
		5E6AB5091BFEEE8200610D1A /* SecondViewController.m */ = {isa = PBXFileReference; lastKnownFileType = sourcecode.c.objc; path = SecondViewController.m; sourceTree = "<group>"; };
		5E6AB50C1BFEEE8200610D1A /* Base */ = {isa = PBXFileReference; lastKnownFileType = file.storyboard; name = Base; path = Base.lproj/Main.storyboard; sourceTree = "<group>"; };
		5E6AB50E1BFEEE8200610D1A /* Assets.xcassets */ = {isa = PBXFileReference; lastKnownFileType = folder.assetcatalog; path = Assets.xcassets; sourceTree = "<group>"; };
		5E6AB5111BFEEE8200610D1A /* Base */ = {isa = PBXFileReference; lastKnownFileType = file.storyboard; name = Base; path = Base.lproj/LaunchScreen.storyboard; sourceTree = "<group>"; };
		5E6AB5131BFEEE8200610D1A /* Info.plist */ = {isa = PBXFileReference; lastKnownFileType = text.plist.xml; path = Info.plist; sourceTree = "<group>"; };
		5E6AB5181BFEEE8200610D1A /* TableTestTests.xctest */ = {isa = PBXFileReference; explicitFileType = wrapper.cfbundle; includeInIndex = 0; path = TableTestTests.xctest; sourceTree = BUILT_PRODUCTS_DIR; };
		5E6AB51C1BFEEE8200610D1A /* TableTestTests.m */ = {isa = PBXFileReference; lastKnownFileType = sourcecode.c.objc; path = TableTestTests.m; sourceTree = "<group>"; };
		5E6AB51E1BFEEE8200610D1A /* Info.plist */ = {isa = PBXFileReference; lastKnownFileType = text.plist.xml; path = Info.plist; sourceTree = "<group>"; };
		5E6AB5231BFEEE8200610D1A /* TableTestUITests.xctest */ = {isa = PBXFileReference; explicitFileType = wrapper.cfbundle; includeInIndex = 0; path = TableTestUITests.xctest; sourceTree = BUILT_PRODUCTS_DIR; };
		5E6AB5271BFEEE8200610D1A /* TableTestUITests.m */ = {isa = PBXFileReference; lastKnownFileType = sourcecode.c.objc; path = TableTestUITests.m; sourceTree = "<group>"; };
		5E6AB5291BFEEE8200610D1A /* Info.plist */ = {isa = PBXFileReference; lastKnownFileType = text.plist.xml; path = Info.plist; sourceTree = "<group>"; };
		5E6AB5361BFEF65000610D1A /* FMDatabase.h */ = {isa = PBXFileReference; fileEncoding = 4; lastKnownFileType = sourcecode.c.h; path = FMDatabase.h; sourceTree = "<group>"; };
		5E6AB5371BFEF65000610D1A /* FMDatabase.m */ = {isa = PBXFileReference; fileEncoding = 4; lastKnownFileType = sourcecode.c.objc; path = FMDatabase.m; sourceTree = "<group>"; };
		5E6AB5381BFEF65000610D1A /* FMDatabaseAdditions.h */ = {isa = PBXFileReference; fileEncoding = 4; lastKnownFileType = sourcecode.c.h; path = FMDatabaseAdditions.h; sourceTree = "<group>"; };
		5E6AB5391BFEF65000610D1A /* FMDatabaseAdditions.m */ = {isa = PBXFileReference; fileEncoding = 4; lastKnownFileType = sourcecode.c.objc; path = FMDatabaseAdditions.m; sourceTree = "<group>"; };
		5E6AB53A1BFEF65000610D1A /* FMDatabasePool.h */ = {isa = PBXFileReference; fileEncoding = 4; lastKnownFileType = sourcecode.c.h; path = FMDatabasePool.h; sourceTree = "<group>"; };
		5E6AB53B1BFEF65000610D1A /* FMDatabasePool.m */ = {isa = PBXFileReference; fileEncoding = 4; lastKnownFileType = sourcecode.c.objc; path = FMDatabasePool.m; sourceTree = "<group>"; };
		5E6AB53C1BFEF65000610D1A /* FMDatabaseQueue.h */ = {isa = PBXFileReference; fileEncoding = 4; lastKnownFileType = sourcecode.c.h; path = FMDatabaseQueue.h; sourceTree = "<group>"; };
		5E6AB53D1BFEF65000610D1A /* FMDatabaseQueue.m */ = {isa = PBXFileReference; fileEncoding = 4; lastKnownFileType = sourcecode.c.objc; path = FMDatabaseQueue.m; sourceTree = "<group>"; };
		5E6AB53E1BFEF65000610D1A /* FMDB.h */ = {isa = PBXFileReference; fileEncoding = 4; lastKnownFileType = sourcecode.c.h; path = FMDB.h; sourceTree = "<group>"; };
		5E6AB53F1BFEF65000610D1A /* FMResultSet.h */ = {isa = PBXFileReference; fileEncoding = 4; lastKnownFileType = sourcecode.c.h; path = FMResultSet.h; sourceTree = "<group>"; };
		5E6AB5401BFEF65000610D1A /* FMResultSet.m */ = {isa = PBXFileReference; fileEncoding = 4; lastKnownFileType = sourcecode.c.objc; path = FMResultSet.m; sourceTree = "<group>"; };
		5E6AB5461BFEF66F00610D1A /* launcher.db */ = {isa = PBXFileReference; lastKnownFileType = file; path = launcher.db; sourceTree = "<group>"; };
		5E6AB5481BFEF69800610D1A /* libsqlite3.tbd */ = {isa = PBXFileReference; lastKnownFileType = "sourcecode.text-based-dylib-definition"; name = libsqlite3.tbd; path = usr/lib/libsqlite3.tbd; sourceTree = SDKROOT; };
/* End PBXFileReference section */

/* Begin PBXFrameworksBuildPhase section */
		5E6AB4F91BFEEE8200610D1A /* Frameworks */ = {
			isa = PBXFrameworksBuildPhase;
			buildActionMask = 2147483647;
			files = (
				5E6AB5491BFEF69800610D1A /* libsqlite3.tbd in Frameworks */,
			);
			runOnlyForDeploymentPostprocessing = 0;
		};
		5E6AB5151BFEEE8200610D1A /* Frameworks */ = {
			isa = PBXFrameworksBuildPhase;
			buildActionMask = 2147483647;
			files = (
			);
			runOnlyForDeploymentPostprocessing = 0;
		};
		5E6AB5201BFEEE8200610D1A /* Frameworks */ = {
			isa = PBXFrameworksBuildPhase;
			buildActionMask = 2147483647;
			files = (
			);
			runOnlyForDeploymentPostprocessing = 0;
		};
/* End PBXFrameworksBuildPhase section */

/* Begin PBXGroup section */
		5E6AB4F31BFEEE8100610D1A = {
			isa = PBXGroup;
			children = (
				5E6AB5481BFEF69800610D1A /* libsqlite3.tbd */,
				5E6AB4FE1BFEEE8200610D1A /* TableTest */,
				5E6AB51B1BFEEE8200610D1A /* TableTestTests */,
				5E6AB5261BFEEE8200610D1A /* TableTestUITests */,
				5E6AB4FD1BFEEE8200610D1A /* Products */,
			);
			sourceTree = "<group>";
		};
		5E6AB4FD1BFEEE8200610D1A /* Products */ = {
			isa = PBXGroup;
			children = (
				5E6AB4FC1BFEEE8200610D1A /* TableTest.app */,
				5E6AB5181BFEEE8200610D1A /* TableTestTests.xctest */,
				5E6AB5231BFEEE8200610D1A /* TableTestUITests.xctest */,
			);
			name = Products;
			sourceTree = "<group>";
		};
		5E6AB4FE1BFEEE8200610D1A /* TableTest */ = {
			isa = PBXGroup;
			children = (
				5E6AB5461BFEF66F00610D1A /* launcher.db */,
				5E6AB5351BFEF65000610D1A /* fmdb */,
				5E6AB5021BFEEE8200610D1A /* AppDelegate.h */,
				5E6AB5031BFEEE8200610D1A /* AppDelegate.m */,
				5E6AB5051BFEEE8200610D1A /* FirstViewController.h */,
				5E6AB5061BFEEE8200610D1A /* FirstViewController.m */,
				5E6AB5081BFEEE8200610D1A /* SecondViewController.h */,
				5E6AB5091BFEEE8200610D1A /* SecondViewController.m */,
				5E6AB50B1BFEEE8200610D1A /* Main.storyboard */,
				5E6AB50E1BFEEE8200610D1A /* Assets.xcassets */,
				5E6AB5101BFEEE8200610D1A /* LaunchScreen.storyboard */,
				5E6AB5131BFEEE8200610D1A /* Info.plist */,
				5E6AB4FF1BFEEE8200610D1A /* Supporting Files */,
			);
			path = TableTest;
			sourceTree = "<group>";
		};
		5E6AB4FF1BFEEE8200610D1A /* Supporting Files */ = {
			isa = PBXGroup;
			children = (
				5E6AB5001BFEEE8200610D1A /* main.m */,
			);
			name = "Supporting Files";
			sourceTree = "<group>";
		};
		5E6AB51B1BFEEE8200610D1A /* TableTestTests */ = {
			isa = PBXGroup;
			children = (
				5E6AB51C1BFEEE8200610D1A /* TableTestTests.m */,
				5E6AB51E1BFEEE8200610D1A /* Info.plist */,
			);
			path = TableTestTests;
			sourceTree = "<group>";
		};
		5E6AB5261BFEEE8200610D1A /* TableTestUITests */ = {
			isa = PBXGroup;
			children = (
				5E6AB5271BFEEE8200610D1A /* TableTestUITests.m */,
				5E6AB5291BFEEE8200610D1A /* Info.plist */,
			);
			path = TableTestUITests;
			sourceTree = "<group>";
		};
		5E6AB5351BFEF65000610D1A /* fmdb */ = {
			isa = PBXGroup;
			children = (
				5E6AB5361BFEF65000610D1A /* FMDatabase.h */,
				5E6AB5371BFEF65000610D1A /* FMDatabase.m */,
				5E6AB5381BFEF65000610D1A /* FMDatabaseAdditions.h */,
				5E6AB5391BFEF65000610D1A /* FMDatabaseAdditions.m */,
				5E6AB53A1BFEF65000610D1A /* FMDatabasePool.h */,
				5E6AB53B1BFEF65000610D1A /* FMDatabasePool.m */,
				5E6AB53C1BFEF65000610D1A /* FMDatabaseQueue.h */,
				5E6AB53D1BFEF65000610D1A /* FMDatabaseQueue.m */,
				5E6AB53E1BFEF65000610D1A /* FMDB.h */,
				5E6AB53F1BFEF65000610D1A /* FMResultSet.h */,
				5E6AB5401BFEF65000610D1A /* FMResultSet.m */,
			);
			path = fmdb;
			sourceTree = "<group>";
		};
/* End PBXGroup section */

/* Begin PBXNativeTarget section */
		5E6AB4FB1BFEEE8200610D1A /* TableTest */ = {
			isa = PBXNativeTarget;
			buildConfigurationList = 5E6AB52C1BFEEE8200610D1A /* Build configuration list for PBXNativeTarget "TableTest" */;
			buildPhases = (
				5E6AB4F81BFEEE8200610D1A /* Sources */,
				5E6AB4F91BFEEE8200610D1A /* Frameworks */,
				5E6AB4FA1BFEEE8200610D1A /* Resources */,
			);
			buildRules = (
			);
			dependencies = (
			);
			name = TableTest;
			productName = TableTest;
			productReference = 5E6AB4FC1BFEEE8200610D1A /* TableTest.app */;
			productType = "com.apple.product-type.application";
		};
		5E6AB5171BFEEE8200610D1A /* TableTestTests */ = {
			isa = PBXNativeTarget;
			buildConfigurationList = 5E6AB52F1BFEEE8200610D1A /* Build configuration list for PBXNativeTarget "TableTestTests" */;
			buildPhases = (
				5E6AB5141BFEEE8200610D1A /* Sources */,
				5E6AB5151BFEEE8200610D1A /* Frameworks */,
				5E6AB5161BFEEE8200610D1A /* Resources */,
			);
			buildRules = (
			);
			dependencies = (
				5E6AB51A1BFEEE8200610D1A /* PBXTargetDependency */,
			);
			name = TableTestTests;
			productName = TableTestTests;
			productReference = 5E6AB5181BFEEE8200610D1A /* TableTestTests.xctest */;
			productType = "com.apple.product-type.bundle.unit-test";
		};
		5E6AB5221BFEEE8200610D1A /* TableTestUITests */ = {
			isa = PBXNativeTarget;
			buildConfigurationList = 5E6AB5321BFEEE8200610D1A /* Build configuration list for PBXNativeTarget "TableTestUITests" */;
			buildPhases = (
				5E6AB51F1BFEEE8200610D1A /* Sources */,
				5E6AB5201BFEEE8200610D1A /* Frameworks */,
				5E6AB5211BFEEE8200610D1A /* Resources */,
			);
			buildRules = (
			);
			dependencies = (
				5E6AB5251BFEEE8200610D1A /* PBXTargetDependency */,
			);
			name = TableTestUITests;
			productName = TableTestUITests;
			productReference = 5E6AB5231BFEEE8200610D1A /* TableTestUITests.xctest */;
			productType = "com.apple.product-type.bundle.ui-testing";
		};
/* End PBXNativeTarget section */

/* Begin PBXProject section */
		5E6AB4F41BFEEE8100610D1A /* Project object */ = {
			isa = PBXProject;
			attributes = {
				LastUpgradeCheck = 0710;
				ORGANIZATIONNAME = wheat;
				TargetAttributes = {
					5E6AB4FB1BFEEE8200610D1A = {
						CreatedOnToolsVersion = 7.1;
					};
					5E6AB5171BFEEE8200610D1A = {
						CreatedOnToolsVersion = 7.1;
						TestTargetID = 5E6AB4FB1BFEEE8200610D1A;
					};
					5E6AB5221BFEEE8200610D1A = {
						CreatedOnToolsVersion = 7.1;
						TestTargetID = 5E6AB4FB1BFEEE8200610D1A;
					};
				};
			};
			buildConfigurationList = 5E6AB4F71BFEEE8100610D1A /* Build configuration list for PBXProject "TableTest" */;
			compatibilityVersion = "Xcode 3.2";
			developmentRegion = English;
			hasScannedForEncodings = 0;
			knownRegions = (
				en,
				Base,
			);
			mainGroup = 5E6AB4F31BFEEE8100610D1A;
			productRefGroup = 5E6AB4FD1BFEEE8200610D1A /* Products */;
			projectDirPath = "";
			projectRoot = "";
			targets = (
				5E6AB4FB1BFEEE8200610D1A /* TableTest */,
				5E6AB5171BFEEE8200610D1A /* TableTestTests */,
				5E6AB5221BFEEE8200610D1A /* TableTestUITests */,
			);
		};
/* End PBXProject section */

/* Begin PBXResourcesBuildPhase section */
		5E6AB4FA1BFEEE8200610D1A /* Resources */ = {
			isa = PBXResourcesBuildPhase;
			buildActionMask = 2147483647;
			files = (
				5E6AB5121BFEEE8200610D1A /* LaunchScreen.storyboard in Resources */,
				5E6AB5471BFEF66F00610D1A /* launcher.db in Resources */,
				5E6AB50F1BFEEE8200610D1A /* Assets.xcassets in Resources */,
				5E6AB50D1BFEEE8200610D1A /* Main.storyboard in Resources */,
			);
			runOnlyForDeploymentPostprocessing = 0;
		};
		5E6AB5161BFEEE8200610D1A /* Resources */ = {
			isa = PBXResourcesBuildPhase;
			buildActionMask = 2147483647;
			files = (
			);
			runOnlyForDeploymentPostprocessing = 0;
		};
		5E6AB5211BFEEE8200610D1A /* Resources */ = {
			isa = PBXResourcesBuildPhase;
			buildActionMask = 2147483647;
			files = (
			);
			runOnlyForDeploymentPostprocessing = 0;
		};
/* End PBXResourcesBuildPhase section */

/* Begin PBXSourcesBuildPhase section */
		5E6AB4F81BFEEE8200610D1A /* Sources */ = {
			isa = PBXSourcesBuildPhase;
			buildActionMask = 2147483647;
			files = (
				5E6AB50A1BFEEE8200610D1A /* SecondViewController.m in Sources */,
				5E6AB5441BFEF65000610D1A /* FMDatabaseQueue.m in Sources */,
				5E6AB5041BFEEE8200610D1A /* AppDelegate.m in Sources */,
				5E6AB5071BFEEE8200610D1A /* FirstViewController.m in Sources */,
				5E6AB5411BFEF65000610D1A /* FMDatabase.m in Sources */,
				5E6AB5431BFEF65000610D1A /* FMDatabasePool.m in Sources */,
				5E6AB5451BFEF65000610D1A /* FMResultSet.m in Sources */,
				5E6AB5011BFEEE8200610D1A /* main.m in Sources */,
				5E6AB5421BFEF65000610D1A /* FMDatabaseAdditions.m in Sources */,
			);
			runOnlyForDeploymentPostprocessing = 0;
		};
		5E6AB5141BFEEE8200610D1A /* Sources */ = {
			isa = PBXSourcesBuildPhase;
			buildActionMask = 2147483647;
			files = (
				5E6AB51D1BFEEE8200610D1A /* TableTestTests.m in Sources */,
			);
			runOnlyForDeploymentPostprocessing = 0;
		};
		5E6AB51F1BFEEE8200610D1A /* Sources */ = {
			isa = PBXSourcesBuildPhase;
			buildActionMask = 2147483647;
			files = (
				5E6AB5281BFEEE8200610D1A /* TableTestUITests.m in Sources */,
			);
			runOnlyForDeploymentPostprocessing = 0;
		};
/* End PBXSourcesBuildPhase section */

/* Begin PBXTargetDependency section */
		5E6AB51A1BFEEE8200610D1A /* PBXTargetDependency */ = {
			isa = PBXTargetDependency;
			target = 5E6AB4FB1BFEEE8200610D1A /* TableTest */;
			targetProxy = 5E6AB5191BFEEE8200610D1A /* PBXContainerItemProxy */;
		};
		5E6AB5251BFEEE8200610D1A /* PBXTargetDependency */ = {
			isa = PBXTargetDependency;
			target = 5E6AB4FB1BFEEE8200610D1A /* TableTest */;
			targetProxy = 5E6AB5241BFEEE8200610D1A /* PBXContainerItemProxy */;
		};
/* End PBXTargetDependency section */

/* Begin PBXVariantGroup section */
		5E6AB50B1BFEEE8200610D1A /* Main.storyboard */ = {
			isa = PBXVariantGroup;
			children = (
				5E6AB50C1BFEEE8200610D1A /* Base */,
			);
			name = Main.storyboard;
			sourceTree = "<group>";
		};
		5E6AB5101BFEEE8200610D1A /* LaunchScreen.storyboard */ = {
			isa = PBXVariantGroup;
			children = (
				5E6AB5111BFEEE8200610D1A /* Base */,
			);
			name = LaunchScreen.storyboard;
			sourceTree = "<group>";
		};
/* End PBXVariantGroup section */

/* Begin XCBuildConfiguration section */
		5E6AB52A1BFEEE8200610D1A /* Debug */ = {
			isa = XCBuildConfiguration;
			buildSettings = {
				ALWAYS_SEARCH_USER_PATHS = NO;
				CLANG_CXX_LANGUAGE_STANDARD = "gnu++0x";
				CLANG_CXX_LIBRARY = "libc++";
				CLANG_ENABLE_MODULES = YES;
				CLANG_ENABLE_OBJC_ARC = YES;
				CLANG_WARN_BOOL_CONVERSION = YES;
				CLANG_WARN_CONSTANT_CONVERSION = YES;
				CLANG_WARN_DIRECT_OBJC_ISA_USAGE = YES_ERROR;
				CLANG_WARN_EMPTY_BODY = YES;
				CLANG_WARN_ENUM_CONVERSION = YES;
				CLANG_WARN_INT_CONVERSION = YES;
				CLANG_WARN_OBJC_ROOT_CLASS = YES_ERROR;
				CLANG_WARN_UNREACHABLE_CODE = YES;
				CLANG_WARN__DUPLICATE_METHOD_MATCH = YES;
				"CODE_SIGN_IDENTITY[sdk=iphoneos*]" = "iPhone Developer";
				COPY_PHASE_STRIP = NO;
				DEBUG_INFORMATION_FORMAT = dwarf;
				ENABLE_STRICT_OBJC_MSGSEND = YES;
				ENABLE_TESTABILITY = YES;
				GCC_C_LANGUAGE_STANDARD = gnu99;
				GCC_DYNAMIC_NO_PIC = NO;
				GCC_NO_COMMON_BLOCKS = YES;
				GCC_OPTIMIZATION_LEVEL = 0;
				GCC_PREPROCESSOR_DEFINITIONS = (
					"DEBUG=1",
					"$(inherited)",
				);
				GCC_WARN_64_TO_32_BIT_CONVERSION = YES;
				GCC_WARN_ABOUT_RETURN_TYPE = YES_ERROR;
				GCC_WARN_UNDECLARED_SELECTOR = YES;
				GCC_WARN_UNINITIALIZED_AUTOS = YES_AGGRESSIVE;
				GCC_WARN_UNUSED_FUNCTION = YES;
				GCC_WARN_UNUSED_VARIABLE = YES;
				IPHONEOS_DEPLOYMENT_TARGET = 8.0;
				MTL_ENABLE_DEBUG_INFO = YES;
				ONLY_ACTIVE_ARCH = YES;
				SDKROOT = iphoneos;
			};
			name = Debug;
		};
		5E6AB52B1BFEEE8200610D1A /* Release */ = {
			isa = XCBuildConfiguration;
			buildSettings = {
				ALWAYS_SEARCH_USER_PATHS = NO;
				CLANG_CXX_LANGUAGE_STANDARD = "gnu++0x";
				CLANG_CXX_LIBRARY = "libc++";
				CLANG_ENABLE_MODULES = YES;
				CLANG_ENABLE_OBJC_ARC = YES;
				CLANG_WARN_BOOL_CONVERSION = YES;
				CLANG_WARN_CONSTANT_CONVERSION = YES;
				CLANG_WARN_DIRECT_OBJC_ISA_USAGE = YES_ERROR;
				CLANG_WARN_EMPTY_BODY = YES;
				CLANG_WARN_ENUM_CONVERSION = YES;
				CLANG_WARN_INT_CONVERSION = YES;
				CLANG_WARN_OBJC_ROOT_CLASS = YES_ERROR;
				CLANG_WARN_UNREACHABLE_CODE = YES;
				CLANG_WARN__DUPLICATE_METHOD_MATCH = YES;
				"CODE_SIGN_IDENTITY[sdk=iphoneos*]" = "iPhone Developer";
				COPY_PHASE_STRIP = NO;
				DEBUG_INFORMATION_FORMAT = "dwarf-with-dsym";
				ENABLE_NS_ASSERTIONS = NO;
				ENABLE_STRICT_OBJC_MSGSEND = YES;
				GCC_C_LANGUAGE_STANDARD = gnu99;
				GCC_NO_COMMON_BLOCKS = YES;
				GCC_WARN_64_TO_32_BIT_CONVERSION = YES;
				GCC_WARN_ABOUT_RETURN_TYPE = YES_ERROR;
				GCC_WARN_UNDECLARED_SELECTOR = YES;
				GCC_WARN_UNINITIALIZED_AUTOS = YES_AGGRESSIVE;
				GCC_WARN_UNUSED_FUNCTION = YES;
				GCC_WARN_UNUSED_VARIABLE = YES;
				IPHONEOS_DEPLOYMENT_TARGET = 8.0;
				MTL_ENABLE_DEBUG_INFO = NO;
				SDKROOT = iphoneos;
				VALIDATE_PRODUCT = YES;
			};
			name = Release;
		};
		5E6AB52D1BFEEE8200610D1A /* Debug */ = {
			isa = XCBuildConfiguration;
			buildSettings = {
				ASSETCATALOG_COMPILER_APPICON_NAME = AppIcon;
				INFOPLIST_FILE = TableTest/Info.plist;
				IPHONEOS_DEPLOYMENT_TARGET = 8.0;
				LD_RUNPATH_SEARCH_PATHS = "$(inherited) @executable_path/Frameworks";
				PRODUCT_BUNDLE_IDENTIFIER = rekoo.TableTest;
				PRODUCT_NAME = "$(TARGET_NAME)";
			};
			name = Debug;
		};
		5E6AB52E1BFEEE8200610D1A /* Release */ = {
			isa = XCBuildConfiguration;
			buildSettings = {
				ASSETCATALOG_COMPILER_APPICON_NAME = AppIcon;
				INFOPLIST_FILE = TableTest/Info.plist;
				IPHONEOS_DEPLOYMENT_TARGET = 8.0;
				LD_RUNPATH_SEARCH_PATHS = "$(inherited) @executable_path/Frameworks";
				PRODUCT_BUNDLE_IDENTIFIER = rekoo.TableTest;
				PRODUCT_NAME = "$(TARGET_NAME)";
			};
			name = Release;
		};
		5E6AB5301BFEEE8200610D1A /* Debug */ = {
			isa = XCBuildConfiguration;
			buildSettings = {
				BUNDLE_LOADER = "$(TEST_HOST)";
				INFOPLIST_FILE = TableTestTests/Info.plist;
				LD_RUNPATH_SEARCH_PATHS = "$(inherited) @executable_path/Frameworks @loader_path/Frameworks";
				PRODUCT_BUNDLE_IDENTIFIER = rekoo.TableTestTests;
				PRODUCT_NAME = "$(TARGET_NAME)";
				TEST_HOST = "$(BUILT_PRODUCTS_DIR)/TableTest.app/TableTest";
			};
			name = Debug;
		};
		5E6AB5311BFEEE8200610D1A /* Release */ = {
			isa = XCBuildConfiguration;
			buildSettings = {
				BUNDLE_LOADER = "$(TEST_HOST)";
				INFOPLIST_FILE = TableTestTests/Info.plist;
				LD_RUNPATH_SEARCH_PATHS = "$(inherited) @executable_path/Frameworks @loader_path/Frameworks";
				PRODUCT_BUNDLE_IDENTIFIER = rekoo.TableTestTests;
				PRODUCT_NAME = "$(TARGET_NAME)";
				TEST_HOST = "$(BUILT_PRODUCTS_DIR)/TableTest.app/TableTest";
			};
			name = Release;
		};
		5E6AB5331BFEEE8200610D1A /* Debug */ = {
			isa = XCBuildConfiguration;
			buildSettings = {
				INFOPLIST_FILE = TableTestUITests/Info.plist;
				LD_RUNPATH_SEARCH_PATHS = "$(inherited) @executable_path/Frameworks @loader_path/Frameworks";
				PRODUCT_BUNDLE_IDENTIFIER = rekoo.TableTestUITests;
				PRODUCT_NAME = "$(TARGET_NAME)";
				TEST_TARGET_NAME = TableTest;
				USES_XCTRUNNER = YES;
			};
			name = Debug;
		};
		5E6AB5341BFEEE8200610D1A /* Release */ = {
			isa = XCBuildConfiguration;
			buildSettings = {
				INFOPLIST_FILE = TableTestUITests/Info.plist;
				LD_RUNPATH_SEARCH_PATHS = "$(inherited) @executable_path/Frameworks @loader_path/Frameworks";
				PRODUCT_BUNDLE_IDENTIFIER = rekoo.TableTestUITests;
				PRODUCT_NAME = "$(TARGET_NAME)";
				TEST_TARGET_NAME = TableTest;
				USES_XCTRUNNER = YES;
			};
			name = Release;
		};
/* End XCBuildConfiguration section */

/* Begin XCConfigurationList section */
		5E6AB4F71BFEEE8100610D1A /* Build configuration list for PBXProject "TableTest" */ = {
			isa = XCConfigurationList;
			buildConfigurations = (
				5E6AB52A1BFEEE8200610D1A /* Debug */,
				5E6AB52B1BFEEE8200610D1A /* Release */,
			);
			defaultConfigurationIsVisible = 0;
			defaultConfigurationName = Release;
		};
		5E6AB52C1BFEEE8200610D1A /* Build configuration list for PBXNativeTarget "TableTest" */ = {
			isa = XCConfigurationList;
			buildConfigurations = (
				5E6AB52D1BFEEE8200610D1A /* Debug */,
				5E6AB52E1BFEEE8200610D1A /* Release */,
			);
			defaultConfigurationIsVisible = 0;
			defaultConfigurationName = Release;
		};
		5E6AB52F1BFEEE8200610D1A /* Build configuration list for PBXNativeTarget "TableTestTests" */ = {
			isa = XCConfigurationList;
			buildConfigurations = (
				5E6AB5301BFEEE8200610D1A /* Debug */,
				5E6AB5311BFEEE8200610D1A /* Release */,
			);
			defaultConfigurationIsVisible = 0;
			defaultConfigurationName = Release;
		};
		5E6AB5321BFEEE8200610D1A /* Build configuration list for PBXNativeTarget "TableTestUITests" */ = {
			isa = XCConfigurationList;
			buildConfigurations = (
				5E6AB5331BFEEE8200610D1A /* Debug */,
				5E6AB5341BFEEE8200610D1A /* Release */,
			);
			defaultConfigurationIsVisible = 0;
			defaultConfigurationName = Release;
		};
/* End XCConfigurationList section */
	};
	rootObject = 5E6AB4F41BFEEE8100610D1A /* Project object */;
}
